
Microsoft Visual Studio Solution File, Format Version 12.00
# Visual Studio Version 17
VisualStudioVersion = 17.1.32414.318
MinimumVisualStudioVersion = 10.0.40219.1
Project("{FAE04EC0-301F-11D3-BF4B-00C04F79EFBC}") = "ProductApp.API", "ProductApp.API\ProductApp.API.csproj", "{D5967B94-8D36-40B7-BFA8-9D7B9ED253F5}"
EndProject
Project("{FAE04EC0-301F-11D3-BF4B-00C04F79EFBC}") = "ProductApp.Data", "ProductApp.Data\ProductApp.Data.csproj", "{D93A9C6B-A30F-471C-9F70-6CDFAF31BF9F}"
EndProject
Project("{FAE04EC0-301F-11D3-BF4B-00C04F79EFBC}") = "ProductApp.Entity", "ProductApp.Entity\ProductApp.Entity.csproj", "{7189D238-CCF7-42C8-9D36-C529B1D28EF2}"
EndProject
Project("{FAE04EC0-301F-11D3-BF4B-00C04F79EFBC}") = "ProductApp.Business", "ProductApp.Business\ProductApp.Business.csproj", "{6FB172F0-C717-4EA2-94EB-8F7B2B90AF69}"
EndProject
Global
	GlobalSection(SolutionConfigurationPlatforms) = preSolution
		Debug|Any CPU = Debug|Any CPU
		Release|Any CPU = Release|Any CPU
	EndGlobalSection
	GlobalSection(ProjectConfigurationPlatforms) = postSolution
		{D5967B94-8D36-40B7-BFA8-9D7B9ED253F5}.Debug|Any CPU.ActiveCfg = Debug|Any CPU
		{D5967B94-8D36-40B7-BFA8-9D7B9ED253F5}.Debug|Any CPU.Build.0 = Debug|Any CPU
		{D5967B94-8D36-40B7-BFA8-9D7B9ED253F5}.Release|Any CPU.ActiveCfg = Release|Any CPU
		{D5967B94-8D36-40B7-BFA8-9D7B9ED253F5}.Release|Any CPU.Build.0 = Release|Any CPU
		{D93A9C6B-A30F-471C-9F70-6CDFAF31BF9F}.Debug|Any CPU.ActiveCfg = Debug|Any CPU
		{D93A9C6B-A30F-471C-9F70-6CDFAF31BF9F}.Debug|Any CPU.Build.0 = Debug|Any CPU
		{D93A9C6B-A30F-471C-9F70-6CDFAF31BF9F}.Release|Any CPU.ActiveCfg = Release|Any CPU
		{D93A9C6B-A30F-471C-9F70-6CDFAF31BF9F}.Release|Any CPU.Build.0 = Release|Any CPU
		{7189D238-CCF7-42C8-9D36-C529B1D28EF2}.Debug|Any CPU.ActiveCfg = Debug|Any CPU
		{7189D238-CCF7-42C8-9D36-C529B1D28EF2}.Debug|Any CPU.Build.0 = Debug|Any CPU
		{7189D238-CCF7-42C8-9D36-C529B1D28EF2}.Release|Any CPU.ActiveCfg = Release|Any CPU
		{7189D238-CCF7-42C8-9D36-C529B1D28EF2}.Release|Any CPU.Build.0 = Release|Any CPU
		{6FB172F0-C717-4EA2-94EB-8F7B2B90AF69}.Debug|Any CPU.ActiveCfg = Debug|Any CPU
		{6FB172F0-C717-4EA2-94EB-8F7B2B90AF69}.Debug|Any CPU.Build.0 = Debug|Any CPU
		{6FB172F0-C717-4EA2-94EB-8F7B2B90AF69}.Release|Any CPU.ActiveCfg = Release|Any CPU
		{6FB172F0-C717-4EA2-94EB-8F7B2B90AF69}.Release|Any CPU.Build.0 = Release|Any CPU
	EndGlobalSection
	GlobalSection(SolutionProperties) = preSolution
		HideSolutionNode = FALSE
	EndGlobalSection
	GlobalSection(ExtensibilityGlobals) = postSolution
		SolutionGuid = {20E7AB88-312A-479C-9DBA-9E75497EE803}
	EndGlobalSection
EndGlobal
